{
  "object": {
    "pins": [
      {
        "package": "SDWebImage",
        "repositoryURL": "https://github.com/SDWebImage/SDWebImage.git",
        "state": {
          "branch": null,
          "revision": "d1c75d839709b3f91c82ecf7d3c7665272090456",
          "version": "5.11.0"
        }
      },
      {
        "package": "SDWebImageSVGCoder",
        "repositoryURL": "https://github.com/SDWebImage/SDWebImageSVGCoder.git",
        "state": {
          "branch": null,
          "revision": "0fefd2b89c64fb5ebbce2294dcb67581ed0fc0ff",
          "version": "1.6.0"
        }
      }
    ]
  },
  "version": 1
}
